
Microsoft Visual Studio Solution File, Format Version 12.00
# Visual Studio 15
VisualStudioVersion = 15.0.26730.12
MinimumVisualStudioVersion = 10.0.40219.1
Project("{FAE04EC0-301F-11D3-BF4B-00C04F79EFBC}") = "UpdateShortCode", "UpdateShortCode\UpdateShortCode.csproj", "{1D9A9117-3ABE-4528-9DD9-8BBE91A8BCDE}"
EndProject
Project("{FAE04EC0-301F-11D3-BF4B-00C04F79EFBC}") = "UpdateOneLine", "UpdateOneLine\UpdateOneLine.csproj", "{9BECBF14-4D53-47ED-BEC2-5F8C60AA66C4}"
EndProject
Project("{FAE04EC0-301F-11D3-BF4B-00C04F79EFBC}") = "UpdateTCFtpConfig", "UpdateTCFtpConfig\UpdateTCFtpConfig.csproj", "{E6C04F0A-22E7-41E1-89EC-02564DC8BE8F}"
EndProject
Project("{FAE04EC0-301F-11D3-BF4B-00C04F79EFBC}") = "AddNewManu", "AddNewManu\AddNewManu.csproj", "{EB52825D-5584-4DE8-AE11-754783608C97}"
EndProject
Project("{FAE04EC0-301F-11D3-BF4B-00C04F79EFBC}") = "OMVC", "OMVC\OMVC.csproj", "{DAB6928F-C073-4FD5-A42A-97F78B6E41ED}"
EndProject
Project("{FAE04EC0-301F-11D3-BF4B-00C04F79EFBC}") = "Common", "Common\Common.csproj", "{948E00E0-AD2D-4F36-861C-C653933872ED}"
EndProject
Project("{FAE04EC0-301F-11D3-BF4B-00C04F79EFBC}") = "UnitTest", "UnitTest\UnitTest.csproj", "{93E6D04B-6328-477A-968C-2862B7576769}"
EndProject
Project("{FAE04EC0-301F-11D3-BF4B-00C04F79EFBC}") = "Models", "Models\Models.csproj", "{7FA419D4-7F49-4670-A867-DC9D7AD44BF8}"
EndProject
Project("{FAE04EC0-301F-11D3-BF4B-00C04F79EFBC}") = "ScreenCapture", "ScreenCapture\ScreenCapture.csproj", "{60C853BF-F446-4431-AE0A-6B66BC2BD1C6}"
EndProject
Project("{FAE04EC0-301F-11D3-BF4B-00C04F79EFBC}") = "QueryCode", "QueryCode\QueryCode.csproj", "{17917D56-C3BB-4BC5-B4CF-1B72C9ECC42E}"
EndProject
Project("{FAE04EC0-301F-11D3-BF4B-00C04F79EFBC}") = "OpenMyTools", "OpenMyTools\OpenMyTools.csproj", "{A49349EA-C5C8-41EC-B63A-361B51E4CF00}"
EndProject
Project("{FAE04EC0-301F-11D3-BF4B-00C04F79EFBC}") = "ZPCode", "ZPCode\ZPCode.csproj", "{A17F9B90-BC60-4FF8-B6A4-40AAC4F13052}"
EndProject
Global
	GlobalSection(SolutionConfigurationPlatforms) = preSolution
		Debug|Any CPU = Debug|Any CPU
		Release|Any CPU = Release|Any CPU
	EndGlobalSection
	GlobalSection(ProjectConfigurationPlatforms) = postSolution
		{1D9A9117-3ABE-4528-9DD9-8BBE91A8BCDE}.Debug|Any CPU.ActiveCfg = Debug|Any CPU
		{1D9A9117-3ABE-4528-9DD9-8BBE91A8BCDE}.Debug|Any CPU.Build.0 = Debug|Any CPU
		{1D9A9117-3ABE-4528-9DD9-8BBE91A8BCDE}.Release|Any CPU.ActiveCfg = Release|Any CPU
		{1D9A9117-3ABE-4528-9DD9-8BBE91A8BCDE}.Release|Any CPU.Build.0 = Release|Any CPU
		{9BECBF14-4D53-47ED-BEC2-5F8C60AA66C4}.Debug|Any CPU.ActiveCfg = Debug|Any CPU
		{9BECBF14-4D53-47ED-BEC2-5F8C60AA66C4}.Debug|Any CPU.Build.0 = Debug|Any CPU
		{9BECBF14-4D53-47ED-BEC2-5F8C60AA66C4}.Release|Any CPU.ActiveCfg = Release|Any CPU
		{9BECBF14-4D53-47ED-BEC2-5F8C60AA66C4}.Release|Any CPU.Build.0 = Release|Any CPU
		{E6C04F0A-22E7-41E1-89EC-02564DC8BE8F}.Debug|Any CPU.ActiveCfg = Debug|Any CPU
		{E6C04F0A-22E7-41E1-89EC-02564DC8BE8F}.Debug|Any CPU.Build.0 = Debug|Any CPU
		{E6C04F0A-22E7-41E1-89EC-02564DC8BE8F}.Release|Any CPU.ActiveCfg = Release|Any CPU
		{E6C04F0A-22E7-41E1-89EC-02564DC8BE8F}.Release|Any CPU.Build.0 = Release|Any CPU
		{EB52825D-5584-4DE8-AE11-754783608C97}.Debug|Any CPU.ActiveCfg = Debug|Any CPU
		{EB52825D-5584-4DE8-AE11-754783608C97}.Debug|Any CPU.Build.0 = Debug|Any CPU
		{EB52825D-5584-4DE8-AE11-754783608C97}.Release|Any CPU.ActiveCfg = Release|Any CPU
		{EB52825D-5584-4DE8-AE11-754783608C97}.Release|Any CPU.Build.0 = Release|Any CPU
		{DAB6928F-C073-4FD5-A42A-97F78B6E41ED}.Debug|Any CPU.ActiveCfg = Debug|Any CPU
		{DAB6928F-C073-4FD5-A42A-97F78B6E41ED}.Debug|Any CPU.Build.0 = Debug|Any CPU
		{DAB6928F-C073-4FD5-A42A-97F78B6E41ED}.Release|Any CPU.ActiveCfg = Release|Any CPU
		{DAB6928F-C073-4FD5-A42A-97F78B6E41ED}.Release|Any CPU.Build.0 = Release|Any CPU
		{948E00E0-AD2D-4F36-861C-C653933872ED}.Debug|Any CPU.ActiveCfg = Debug|Any CPU
		{948E00E0-AD2D-4F36-861C-C653933872ED}.Debug|Any CPU.Build.0 = Debug|Any CPU
		{948E00E0-AD2D-4F36-861C-C653933872ED}.Release|Any CPU.ActiveCfg = Release|Any CPU
		{948E00E0-AD2D-4F36-861C-C653933872ED}.Release|Any CPU.Build.0 = Release|Any CPU
		{93E6D04B-6328-477A-968C-2862B7576769}.Debug|Any CPU.ActiveCfg = Debug|Any CPU
		{93E6D04B-6328-477A-968C-2862B7576769}.Debug|Any CPU.Build.0 = Debug|Any CPU
		{93E6D04B-6328-477A-968C-2862B7576769}.Release|Any CPU.ActiveCfg = Release|Any CPU
		{93E6D04B-6328-477A-968C-2862B7576769}.Release|Any CPU.Build.0 = Release|Any CPU
		{7FA419D4-7F49-4670-A867-DC9D7AD44BF8}.Debug|Any CPU.ActiveCfg = Debug|Any CPU
		{7FA419D4-7F49-4670-A867-DC9D7AD44BF8}.Debug|Any CPU.Build.0 = Debug|Any CPU
		{7FA419D4-7F49-4670-A867-DC9D7AD44BF8}.Release|Any CPU.ActiveCfg = Release|Any CPU
		{7FA419D4-7F49-4670-A867-DC9D7AD44BF8}.Release|Any CPU.Build.0 = Release|Any CPU
		{60C853BF-F446-4431-AE0A-6B66BC2BD1C6}.Debug|Any CPU.ActiveCfg = Debug|Any CPU
		{60C853BF-F446-4431-AE0A-6B66BC2BD1C6}.Debug|Any CPU.Build.0 = Debug|Any CPU
		{60C853BF-F446-4431-AE0A-6B66BC2BD1C6}.Release|Any CPU.ActiveCfg = Release|Any CPU
		{60C853BF-F446-4431-AE0A-6B66BC2BD1C6}.Release|Any CPU.Build.0 = Release|Any CPU
		{17917D56-C3BB-4BC5-B4CF-1B72C9ECC42E}.Debug|Any CPU.ActiveCfg = Debug|Any CPU
		{17917D56-C3BB-4BC5-B4CF-1B72C9ECC42E}.Debug|Any CPU.Build.0 = Debug|Any CPU
		{17917D56-C3BB-4BC5-B4CF-1B72C9ECC42E}.Release|Any CPU.ActiveCfg = Release|Any CPU
		{17917D56-C3BB-4BC5-B4CF-1B72C9ECC42E}.Release|Any CPU.Build.0 = Release|Any CPU
		{A49349EA-C5C8-41EC-B63A-361B51E4CF00}.Debug|Any CPU.ActiveCfg = Debug|Any CPU
		{A49349EA-C5C8-41EC-B63A-361B51E4CF00}.Debug|Any CPU.Build.0 = Debug|Any CPU
		{A49349EA-C5C8-41EC-B63A-361B51E4CF00}.Release|Any CPU.ActiveCfg = Release|Any CPU
		{A49349EA-C5C8-41EC-B63A-361B51E4CF00}.Release|Any CPU.Build.0 = Release|Any CPU
		{A17F9B90-BC60-4FF8-B6A4-40AAC4F13052}.Debug|Any CPU.ActiveCfg = Debug|Any CPU
		{A17F9B90-BC60-4FF8-B6A4-40AAC4F13052}.Debug|Any CPU.Build.0 = Debug|Any CPU
		{A17F9B90-BC60-4FF8-B6A4-40AAC4F13052}.Release|Any CPU.ActiveCfg = Release|Any CPU
		{A17F9B90-BC60-4FF8-B6A4-40AAC4F13052}.Release|Any CPU.Build.0 = Release|Any CPU
	EndGlobalSection
	GlobalSection(SolutionProperties) = preSolution
		HideSolutionNode = FALSE
	EndGlobalSection
	GlobalSection(ExtensibilityGlobals) = postSolution
		SolutionGuid = {73D6AB2D-5491-4D2F-B09E-90F62568F76C}
	EndGlobalSection
EndGlobal
