
Microsoft Visual Studio Solution File, Format Version 12.00
# Visual Studio 15
VisualStudioVersion = 15.0.26730.12
MinimumVisualStudioVersion = 10.0.40219.1
Project("{FAE04EC0-301F-11D3-BF4B-00C04F79EFBC}") = "UpdateShortCode", "UpdateShortCode\UpdateShortCode.csproj", "{1D9A9117-3ABE-4528-9DD9-8BBE91A8BCDE}"
EndProject
Project("{FAE04EC0-301F-11D3-BF4B-00C04F79EFBC}") = "UpdateOneLine", "UpdateOneLine\UpdateOneLine.csproj", "{9BECBF14-4D53-47ED-BEC2-5F8C60AA66C4}"
EndProject
Project("{FAE04EC0-301F-11D3-BF4B-00C04F79EFBC}") = "UpdateTCFtpConfig", "UpdateTCFtpConfig\UpdateTCFtpConfig.csproj", "{E6C04F0A-22E7-41E1-89EC-02564DC8BE8F}"
EndProject
Project("{FAE04EC0-301F-11D3-BF4B-00C04F79EFBC}") = "AddNewManu", "AddNewManu\AddNewManu.csproj", "{EB52825D-5584-4DE8-AE11-754783608C97}"
EndProject
Project("{FAE04EC0-301F-11D3-BF4B-00C04F79EFBC}") = "OMVC", "OMVC\OMVC.csproj", "{DAB6928F-C073-4FD5-A42A-97F78B6E41ED}"
EndProject
Project("{FAE04EC0-301F-11D3-BF4B-00C04F79EFBC}") = "AddIIS", "AddIIS\AddIIS.csproj", "{5C29D92A-5672-4D11-858C-128224E705A0}"
EndProject
Global
	GlobalSection(SolutionConfigurationPlatforms) = preSolution
		Debug|Any CPU = Debug|Any CPU
		Release|Any CPU = Release|Any CPU
	EndGlobalSection
	GlobalSection(ProjectConfigurationPlatforms) = postSolution
		{1D9A9117-3ABE-4528-9DD9-8BBE91A8BCDE}.Debug|Any CPU.ActiveCfg = Debug|Any CPU
		{1D9A9117-3ABE-4528-9DD9-8BBE91A8BCDE}.Debug|Any CPU.Build.0 = Debug|Any CPU
		{1D9A9117-3ABE-4528-9DD9-8BBE91A8BCDE}.Release|Any CPU.ActiveCfg = Release|Any CPU
		{1D9A9117-3ABE-4528-9DD9-8BBE91A8BCDE}.Release|Any CPU.Build.0 = Release|Any CPU
		{9BECBF14-4D53-47ED-BEC2-5F8C60AA66C4}.Debug|Any CPU.ActiveCfg = Debug|Any CPU
		{9BECBF14-4D53-47ED-BEC2-5F8C60AA66C4}.Debug|Any CPU.Build.0 = Debug|Any CPU
		{9BECBF14-4D53-47ED-BEC2-5F8C60AA66C4}.Release|Any CPU.ActiveCfg = Release|Any CPU
		{9BECBF14-4D53-47ED-BEC2-5F8C60AA66C4}.Release|Any CPU.Build.0 = Release|Any CPU
		{E6C04F0A-22E7-41E1-89EC-02564DC8BE8F}.Debug|Any CPU.ActiveCfg = Debug|Any CPU
		{E6C04F0A-22E7-41E1-89EC-02564DC8BE8F}.Debug|Any CPU.Build.0 = Debug|Any CPU
		{E6C04F0A-22E7-41E1-89EC-02564DC8BE8F}.Release|Any CPU.ActiveCfg = Release|Any CPU
		{E6C04F0A-22E7-41E1-89EC-02564DC8BE8F}.Release|Any CPU.Build.0 = Release|Any CPU
		{EB52825D-5584-4DE8-AE11-754783608C97}.Debug|Any CPU.ActiveCfg = Debug|Any CPU
		{EB52825D-5584-4DE8-AE11-754783608C97}.Debug|Any CPU.Build.0 = Debug|Any CPU
		{EB52825D-5584-4DE8-AE11-754783608C97}.Release|Any CPU.ActiveCfg = Release|Any CPU
		{EB52825D-5584-4DE8-AE11-754783608C97}.Release|Any CPU.Build.0 = Release|Any CPU
		{DAB6928F-C073-4FD5-A42A-97F78B6E41ED}.Debug|Any CPU.ActiveCfg = Debug|Any CPU
		{DAB6928F-C073-4FD5-A42A-97F78B6E41ED}.Debug|Any CPU.Build.0 = Debug|Any CPU
		{DAB6928F-C073-4FD5-A42A-97F78B6E41ED}.Release|Any CPU.ActiveCfg = Release|Any CPU
		{DAB6928F-C073-4FD5-A42A-97F78B6E41ED}.Release|Any CPU.Build.0 = Release|Any CPU
		{5C29D92A-5672-4D11-858C-128224E705A0}.Debug|Any CPU.ActiveCfg = Debug|Any CPU
		{5C29D92A-5672-4D11-858C-128224E705A0}.Debug|Any CPU.Build.0 = Debug|Any CPU
		{5C29D92A-5672-4D11-858C-128224E705A0}.Release|Any CPU.ActiveCfg = Release|Any CPU
		{5C29D92A-5672-4D11-858C-128224E705A0}.Release|Any CPU.Build.0 = Release|Any CPU
	EndGlobalSection
	GlobalSection(SolutionProperties) = preSolution
		HideSolutionNode = FALSE
	EndGlobalSection
	GlobalSection(ExtensibilityGlobals) = postSolution
		SolutionGuid = {73D6AB2D-5491-4D2F-B09E-90F62568F76C}
	EndGlobalSection
EndGlobal
